
Microsoft Visual Studio Solution File, Format Version 12.00
# Visual Studio Version 17
VisualStudioVersion = 17.10.35027.167
MinimumVisualStudioVersion = 10.0.40219.1
Project("{FAE04EC0-301F-11D3-BF4B-00C04F79EFBC}") = "ders33", "ders33\ders33.csproj", "{50ED5E6F-FD14-42BD-9A1C-FEE0F9F39C30}"
EndProject
Global
	GlobalSection(SolutionConfigurationPlatforms) = preSolution
		Debug|Any CPU = Debug|Any CPU
		Release|Any CPU = Release|Any CPU
	EndGlobalSection
	GlobalSection(ProjectConfigurationPlatforms) = postSolution
		{50ED5E6F-FD14-42BD-9A1C-FEE0F9F39C30}.Debug|Any CPU.ActiveCfg = Debug|Any CPU
		{50ED5E6F-FD14-42BD-9A1C-FEE0F9F39C30}.Debug|Any CPU.Build.0 = Debug|Any CPU
		{50ED5E6F-FD14-42BD-9A1C-FEE0F9F39C30}.Release|Any CPU.ActiveCfg = Release|Any CPU
		{50ED5E6F-FD14-42BD-9A1C-FEE0F9F39C30}.Release|Any CPU.Build.0 = Release|Any CPU
	EndGlobalSection
	GlobalSection(SolutionProperties) = preSolution
		HideSolutionNode = FALSE
	EndGlobalSection
	GlobalSection(ExtensibilityGlobals) = postSolution
		SolutionGuid = {B4BE29AC-0A37-49A2-AF5E-18BA60E1DFBD}
	EndGlobalSection
EndGlobal
